<?xml version="1.0" encoding="utf-8"?>
<Project ToolsVersion="15.0" xmlns="http://schemas.microsoft.com/developer/msbuild/2003">
  <ItemGroup>
    <CustomBuild Include="C:\Users\april\source\repos\midterm-spring-2019-arvaldez722\01_decisions\CMakeFiles\41f931d22b0e0d6ba9daed2ca2d147b8\generate.stamp.rule">
      <Filter>CMake Rules</Filter>
    </CustomBuild>
  </ItemGroup>
  <ItemGroup>
    <Filter Include="CMake Rules">
      <UniqueIdentifier>{0532E426-B104-39EA-9727-5E436691674B}</UniqueIdentifier>
    </Filter>
  </ItemGroup>
</Project>
